
Microsoft Visual Studio Solution File, Format Version 12.00
# Visual Studio Version 16
VisualStudioVersion = 16.0.30517.126
MinimumVisualStudioVersion = 10.0.40219.1
Project("{FAE04EC0-301F-11D3-BF4B-00C04F79EFBC}") = "DataAccess", "DataAccess\DataAccess.csproj", "{1F79E4BB-2416-44E2-B0B5-14F25F4A2B20}"
EndProject
Project("{FAE04EC0-301F-11D3-BF4B-00C04F79EFBC}") = "Business", "Business\Business.csproj", "{1F8160DB-5F8F-4FDC-9F96-9463AD7D81FF}"
EndProject
Project("{FAE04EC0-301F-11D3-BF4B-00C04F79EFBC}") = "Entities", "Entities\Entities.csproj", "{E9F95C8E-F6D5-4873-AA0A-421605C76049}"
EndProject
Project("{FAE04EC0-301F-11D3-BF4B-00C04F79EFBC}") = "ConsoleUI", "ConsoleUI\ConsoleUI.csproj", "{F492824F-C70D-4E50-A286-D35376758348}"
EndProject
Global
	GlobalSection(SolutionConfigurationPlatforms) = preSolution
		Debug|Any CPU = Debug|Any CPU
		Release|Any CPU = Release|Any CPU
	EndGlobalSection
	GlobalSection(ProjectConfigurationPlatforms) = postSolution
		{1F79E4BB-2416-44E2-B0B5-14F25F4A2B20}.Debug|Any CPU.ActiveCfg = Debug|Any CPU
		{1F79E4BB-2416-44E2-B0B5-14F25F4A2B20}.Debug|Any CPU.Build.0 = Debug|Any CPU
		{1F79E4BB-2416-44E2-B0B5-14F25F4A2B20}.Release|Any CPU.ActiveCfg = Release|Any CPU
		{1F79E4BB-2416-44E2-B0B5-14F25F4A2B20}.Release|Any CPU.Build.0 = Release|Any CPU
		{1F8160DB-5F8F-4FDC-9F96-9463AD7D81FF}.Debug|Any CPU.ActiveCfg = Debug|Any CPU
		{1F8160DB-5F8F-4FDC-9F96-9463AD7D81FF}.Debug|Any CPU.Build.0 = Debug|Any CPU
		{1F8160DB-5F8F-4FDC-9F96-9463AD7D81FF}.Release|Any CPU.ActiveCfg = Release|Any CPU
		{1F8160DB-5F8F-4FDC-9F96-9463AD7D81FF}.Release|Any CPU.Build.0 = Release|Any CPU
		{E9F95C8E-F6D5-4873-AA0A-421605C76049}.Debug|Any CPU.ActiveCfg = Debug|Any CPU
		{E9F95C8E-F6D5-4873-AA0A-421605C76049}.Debug|Any CPU.Build.0 = Debug|Any CPU
		{E9F95C8E-F6D5-4873-AA0A-421605C76049}.Release|Any CPU.ActiveCfg = Release|Any CPU
		{E9F95C8E-F6D5-4873-AA0A-421605C76049}.Release|Any CPU.Build.0 = Release|Any CPU
		{F492824F-C70D-4E50-A286-D35376758348}.Debug|Any CPU.ActiveCfg = Debug|Any CPU
		{F492824F-C70D-4E50-A286-D35376758348}.Debug|Any CPU.Build.0 = Debug|Any CPU
		{F492824F-C70D-4E50-A286-D35376758348}.Release|Any CPU.ActiveCfg = Release|Any CPU
		{F492824F-C70D-4E50-A286-D35376758348}.Release|Any CPU.Build.0 = Release|Any CPU
	EndGlobalSection
	GlobalSection(SolutionProperties) = preSolution
		HideSolutionNode = FALSE
	EndGlobalSection
	GlobalSection(ExtensibilityGlobals) = postSolution
		SolutionGuid = {693F68AB-B81B-40B0-9786-2EE457714DA9}
	EndGlobalSection
EndGlobal
